
Microsoft Visual Studio Solution File, Format Version 12.00
# Visual Studio Version 17
VisualStudioVersion = 17.4.33122.133
MinimumVisualStudioVersion = 10.0.40219.1
Project("{FAE04EC0-301F-11D3-BF4B-00C04F79EFBC}") = "Ekpaideutiko_L", "Ekpaideutiko_L\Ekpaideutiko_L.csproj", "{88AACB1A-6E6A-4B0F-92FE-205FE1B0C852}"
EndProject
Global
	GlobalSection(SolutionConfigurationPlatforms) = preSolution
		Debug|Any CPU = Debug|Any CPU
		Release|Any CPU = Release|Any CPU
	EndGlobalSection
	GlobalSection(ProjectConfigurationPlatforms) = postSolution
		{88AACB1A-6E6A-4B0F-92FE-205FE1B0C852}.Debug|Any CPU.ActiveCfg = Debug|Any CPU
		{88AACB1A-6E6A-4B0F-92FE-205FE1B0C852}.Debug|Any CPU.Build.0 = Debug|Any CPU
		{88AACB1A-6E6A-4B0F-92FE-205FE1B0C852}.Release|Any CPU.ActiveCfg = Release|Any CPU
		{88AACB1A-6E6A-4B0F-92FE-205FE1B0C852}.Release|Any CPU.Build.0 = Release|Any CPU
	EndGlobalSection
	GlobalSection(SolutionProperties) = preSolution
		HideSolutionNode = FALSE
	EndGlobalSection
	GlobalSection(ExtensibilityGlobals) = postSolution
		SolutionGuid = {68E6EF8E-4658-4069-89EC-C839BE46A14C}
	EndGlobalSection
EndGlobal
